{
  "name": "myfirstapp",
  "lockfileVersion": 3,
  "requires": true,
  "packages": {
    "": {
      "dependencies": {
        "randomcolor": "^0.6.2",
        "react-simple-image-slider": "^2.4.1"
      }
    },
    "node_modules/randomcolor": {
      "version": "0.6.2",
      "resolved": "https://registry.npmjs.org/randomcolor/-/randomcolor-0.6.2.tgz",
      "integrity": "sha512-Mn6TbyYpFgwFuQ8KJKqf3bqqY9O1y37/0jgSK/61PUxV4QfIMv0+K2ioq8DfOjkBslcjwSzRfIDEXfzA9aCx7A=="
    },
    "node_modules/react-simple-image-slider": {
      "version": "2.4.1",
      "resolved": "https://registry.npmjs.org/react-simple-image-slider/-/react-simple-image-slider-2.4.1.tgz",
      "integrity": "sha512-9T/WjsRThJup43QxzH202rLVNqaUK9P8izTiWOfLcc5w3QygU44a9IQUuIwGYiXtWvw2spRRGLRc5Xd62/vfDg=="
    }
  }
}
